
Microsoft Visual Studio Solution File, Format Version 12.00
# Visual Studio Version 17
VisualStudioVersion = 17.14.36717.8 d17.14
MinimumVisualStudioVersion = 10.0.40219.1
Project("{FAE04EC0-301F-11D3-BF4B-00C04F79EFBC}") = "MovieCollection", "MovieCollection\MovieCollection.csproj", "{ACFBA000-0846-4762-A1C7-42A91588582A}"
EndProject
Global
	GlobalSection(SolutionConfigurationPlatforms) = preSolution
		Debug|Any CPU = Debug|Any CPU
		Release|Any CPU = Release|Any CPU
	EndGlobalSection
	GlobalSection(ProjectConfigurationPlatforms) = postSolution
		{ACFBA000-0846-4762-A1C7-42A91588582A}.Debug|Any CPU.ActiveCfg = Debug|Any CPU
		{ACFBA000-0846-4762-A1C7-42A91588582A}.Debug|Any CPU.Build.0 = Debug|Any CPU
		{ACFBA000-0846-4762-A1C7-42A91588582A}.Release|Any CPU.ActiveCfg = Release|Any CPU
		{ACFBA000-0846-4762-A1C7-42A91588582A}.Release|Any CPU.Build.0 = Release|Any CPU
	EndGlobalSection
	GlobalSection(SolutionProperties) = preSolution
		HideSolutionNode = FALSE
	EndGlobalSection
	GlobalSection(ExtensibilityGlobals) = postSolution
		SolutionGuid = {E30F5C2D-1304-44FC-8A61-82371A9F3E65}
	EndGlobalSection
EndGlobal
